
Microsoft Visual Studio Solution File, Format Version 12.00
# Visual Studio Version 17
VisualStudioVersion = 17.7.34003.232
MinimumVisualStudioVersion = 10.0.40219.1
Project("{FAE04EC0-301F-11D3-BF4B-00C04F79EFBC}") = "Repositorypattern_CRUD", "Repositorypattern_CRUD\Repositorypattern_CRUD.csproj", "{C5C8741A-483F-4224-B6DB-407888697568}"
EndProject
Project("{FAE04EC0-301F-11D3-BF4B-00C04F79EFBC}") = "DataLayer", "DataLayer\DataLayer.csproj", "{351F6BD2-A324-440F-82EC-D5031B514A93}"
EndProject
Project("{FAE04EC0-301F-11D3-BF4B-00C04F79EFBC}") = "BussinessLayer", "BussinessLayer\BussinessLayer.csproj", "{9326AB20-8537-44D6-A5B5-9157C526CC9B}"
EndProject
Project("{FAE04EC0-301F-11D3-BF4B-00C04F79EFBC}") = "Repoistorypattern_DTO", "Repoistorypattern_DTO\Repoistorypattern_DTO.csproj", "{A065B1E1-41ED-472D-85B7-0F6BCECA6BFB}"
EndProject
Global
	GlobalSection(SolutionConfigurationPlatforms) = preSolution
		Debug|Any CPU = Debug|Any CPU
		Release|Any CPU = Release|Any CPU
	EndGlobalSection
	GlobalSection(ProjectConfigurationPlatforms) = postSolution
		{C5C8741A-483F-4224-B6DB-407888697568}.Debug|Any CPU.ActiveCfg = Debug|Any CPU
		{C5C8741A-483F-4224-B6DB-407888697568}.Debug|Any CPU.Build.0 = Debug|Any CPU
		{C5C8741A-483F-4224-B6DB-407888697568}.Release|Any CPU.ActiveCfg = Release|Any CPU
		{C5C8741A-483F-4224-B6DB-407888697568}.Release|Any CPU.Build.0 = Release|Any CPU
		{351F6BD2-A324-440F-82EC-D5031B514A93}.Debug|Any CPU.ActiveCfg = Debug|Any CPU
		{351F6BD2-A324-440F-82EC-D5031B514A93}.Debug|Any CPU.Build.0 = Debug|Any CPU
		{351F6BD2-A324-440F-82EC-D5031B514A93}.Release|Any CPU.ActiveCfg = Release|Any CPU
		{351F6BD2-A324-440F-82EC-D5031B514A93}.Release|Any CPU.Build.0 = Release|Any CPU
		{9326AB20-8537-44D6-A5B5-9157C526CC9B}.Debug|Any CPU.ActiveCfg = Debug|Any CPU
		{9326AB20-8537-44D6-A5B5-9157C526CC9B}.Debug|Any CPU.Build.0 = Debug|Any CPU
		{9326AB20-8537-44D6-A5B5-9157C526CC9B}.Release|Any CPU.ActiveCfg = Release|Any CPU
		{9326AB20-8537-44D6-A5B5-9157C526CC9B}.Release|Any CPU.Build.0 = Release|Any CPU
		{A065B1E1-41ED-472D-85B7-0F6BCECA6BFB}.Debug|Any CPU.ActiveCfg = Debug|Any CPU
		{A065B1E1-41ED-472D-85B7-0F6BCECA6BFB}.Debug|Any CPU.Build.0 = Debug|Any CPU
		{A065B1E1-41ED-472D-85B7-0F6BCECA6BFB}.Release|Any CPU.ActiveCfg = Release|Any CPU
		{A065B1E1-41ED-472D-85B7-0F6BCECA6BFB}.Release|Any CPU.Build.0 = Release|Any CPU
	EndGlobalSection
	GlobalSection(SolutionProperties) = preSolution
		HideSolutionNode = FALSE
	EndGlobalSection
	GlobalSection(ExtensibilityGlobals) = postSolution
		SolutionGuid = {47B270AF-C099-4D0D-8DA0-BABB628C057C}
	EndGlobalSection
EndGlobal
